{
  "name": "jsonparseit",
  "version": "2.0.1",
  "lockfileVersion": 2,
  "requires": true,
  "packages": {
    "": {
      "name": "jsonparseit",
      "version": "2.0.1",
      "license": "MIT",
      "dependencies": {
        "lexit": "^2.1.1"
      },
      "devDependencies": {
        "lodash": "^4.17.21"
      }
    },
    "node_modules/lexit": {
      "version": "2.1.1",
      "resolved": "https://registry.npmjs.org/lexit/-/lexit-2.1.1.tgz",
      "integrity": "sha1-pE9r5Bx1wbeVTJyU3YLAn4pnnF0="
    },
    "node_modules/lodash": {
      "version": "4.17.21",
      "resolved": "https://registry.npmjs.org/lodash/-/lodash-4.17.21.tgz",
      "integrity": "sha512-v2kDEe57lecTulaDIuNTPy3Ry4gLGJ6Z1O3vE1krgXZNrsQ+LFTGHVxVjcXPs17LhbZVGedAJv8XZ1tvj5FvSg==",
      "dev": true
    }
  },
  "dependencies": {
    "lexit": {
      "version": "2.1.1",
      "resolved": "https://registry.npmjs.org/lexit/-/lexit-2.1.1.tgz",
      "integrity": "sha1-pE9r5Bx1wbeVTJyU3YLAn4pnnF0="
    },
    "lodash": {
      "version": "4.17.21",
      "resolved": "https://registry.npmjs.org/lodash/-/lodash-4.17.21.tgz",
      "integrity": "sha512-v2kDEe57lecTulaDIuNTPy3Ry4gLGJ6Z1O3vE1krgXZNrsQ+LFTGHVxVjcXPs17LhbZVGedAJv8XZ1tvj5FvSg==",
      "dev": true
    }
  }
}
